// !$*UTF8*$!
{
	archiveVersion = 1;
	classes = {
	};
	objectVersion = 46;
	objects = {

/* Begin PBXBuildFile section */
		906A0E5A1D19E5680044055F /* AppDelegate.swift in Sources */ = {isa = PBXBuildFile; fileRef = 906A0E591D19E5680044055F /* AppDelegate.swift */; };
		906A0E5C1D19E5680044055F /* ImageViewController.swift in Sources */ = {isa = PBXBuildFile; fileRef = 906A0E5B1D19E5680044055F /* ImageViewController.swift */; };
		906A0E5F1D19E5680044055F /* Main.storyboard in Resources */ = {isa = PBXBuildFile; fileRef = 906A0E5D1D19E5680044055F /* Main.storyboard */; };
		906A0E611D19E5680044055F /* Assets.xcassets in Resources */ = {isa = PBXBuildFile; fileRef = 906A0E601D19E5680044055F /* Assets.xcassets */; };
		906A0E641D19E5680044055F /* LaunchScreen.storyboard in Resources */ = {isa = PBXBuildFile; fileRef = 906A0E621D19E5680044055F /* LaunchScreen.storyboard */; };
		906A0E6F1D19ED200044055F /* Protocols.swift in Sources */ = {isa = PBXBuildFile; fileRef = 906A0E6E1D19ED200044055F /* Protocols.swift */; };
		906A0E721D19FEE90044055F /* CloudKit.framework in Frameworks */ = {isa = PBXBuildFile; fileRef = 906A0E711D19FEE90044055F /* CloudKit.framework */; };
		906A0E741D19FF700044055F /* Post.swift in Sources */ = {isa = PBXBuildFile; fileRef = 906A0E731D19FF700044055F /* Post.swift */; };
		906A0E771D1A00360044055F /* AppleExtensions.swift in Sources */ = {isa = PBXBuildFile; fileRef = 906A0E761D1A00360044055F /* AppleExtensions.swift */; };
		906A0E7A1D1A063C0044055F /* Extensions.swift in Sources */ = {isa = PBXBuildFile; fileRef = 906A0E791D1A063C0044055F /* Extensions.swift */; };
		906A0E7C1D1A08AD0044055F /* Filters.swift in Sources */ = {isa = PBXBuildFile; fileRef = 906A0E7B1D1A08AD0044055F /* Filters.swift */; };
		906A0E7F1D1A0DF20044055F /* API.swift in Sources */ = {isa = PBXBuildFile; fileRef = 906A0E7E1D1A0DF20044055F /* API.swift */; };
		90B08A6B1D1B30EC006A2B1E /* GalleryViewController.swift in Sources */ = {isa = PBXBuildFile; fileRef = 90B08A6A1D1B30EC006A2B1E /* GalleryViewController.swift */; };
		90B08A6D1D1B32B4006A2B1E /* GalleryCustomFlowLayout.swift in Sources */ = {isa = PBXBuildFile; fileRef = 90B08A6C1D1B32B4006A2B1E /* GalleryCustomFlowLayout.swift */; };
/* End PBXBuildFile section */

/* Begin PBXFileReference section */
		906A0E561D19E5680044055F /* instagramClone.app */ = {isa = PBXFileReference; explicitFileType = wrapper.application; includeInIndex = 0; path = instagramClone.app; sourceTree = BUILT_PRODUCTS_DIR; };
		906A0E591D19E5680044055F /* AppDelegate.swift */ = {isa = PBXFileReference; lastKnownFileType = sourcecode.swift; path = AppDelegate.swift; sourceTree = "<group>"; };
		906A0E5B1D19E5680044055F /* ImageViewController.swift */ = {isa = PBXFileReference; lastKnownFileType = sourcecode.swift; path = ImageViewController.swift; sourceTree = "<group>"; };
		906A0E5E1D19E5680044055F /* Base */ = {isa = PBXFileReference; lastKnownFileType = file.storyboard; name = Base; path = Base.lproj/Main.storyboard; sourceTree = "<group>"; };
		906A0E601D19E5680044055F /* Assets.xcassets */ = {isa = PBXFileReference; lastKnownFileType = folder.assetcatalog; path = Assets.xcassets; sourceTree = "<group>"; };
		906A0E631D19E5680044055F /* Base */ = {isa = PBXFileReference; lastKnownFileType = file.storyboard; name = Base; path = Base.lproj/LaunchScreen.storyboard; sourceTree = "<group>"; };
		906A0E651D19E5680044055F /* Info.plist */ = {isa = PBXFileReference; lastKnownFileType = text.plist.xml; path = Info.plist; sourceTree = "<group>"; };
		906A0E6E1D19ED200044055F /* Protocols.swift */ = {isa = PBXFileReference; fileEncoding = 4; lastKnownFileType = sourcecode.swift; path = Protocols.swift; sourceTree = "<group>"; };
		906A0E701D19FEE60044055F /* instagramClone.entitlements */ = {isa = PBXFileReference; lastKnownFileType = text.xml; path = instagramClone.entitlements; sourceTree = "<group>"; };
		906A0E711D19FEE90044055F /* CloudKit.framework */ = {isa = PBXFileReference; lastKnownFileType = wrapper.framework; name = CloudKit.framework; path = System/Library/Frameworks/CloudKit.framework; sourceTree = SDKROOT; };
		906A0E731D19FF700044055F /* Post.swift */ = {isa = PBXFileReference; fileEncoding = 4; lastKnownFileType = sourcecode.swift; path = Post.swift; sourceTree = "<group>"; };
		906A0E761D1A00360044055F /* AppleExtensions.swift */ = {isa = PBXFileReference; fileEncoding = 4; lastKnownFileType = sourcecode.swift; path = AppleExtensions.swift; sourceTree = "<group>"; };
		906A0E791D1A063C0044055F /* Extensions.swift */ = {isa = PBXFileReference; fileEncoding = 4; lastKnownFileType = sourcecode.swift; path = Extensions.swift; sourceTree = "<group>"; };
		906A0E7B1D1A08AD0044055F /* Filters.swift */ = {isa = PBXFileReference; fileEncoding = 4; lastKnownFileType = sourcecode.swift; path = Filters.swift; sourceTree = "<group>"; };
		906A0E7E1D1A0DF20044055F /* API.swift */ = {isa = PBXFileReference; fileEncoding = 4; lastKnownFileType = sourcecode.swift; path = API.swift; sourceTree = "<group>"; };
		90B08A6A1D1B30EC006A2B1E /* GalleryViewController.swift */ = {isa = PBXFileReference; fileEncoding = 4; lastKnownFileType = sourcecode.swift; name = GalleryViewController.swift; path = ../GalleryViewController.swift; sourceTree = "<group>"; };
		90B08A6C1D1B32B4006A2B1E /* GalleryCustomFlowLayout.swift */ = {isa = PBXFileReference; fileEncoding = 4; lastKnownFileType = sourcecode.swift; path = GalleryCustomFlowLayout.swift; sourceTree = "<group>"; };
/* End PBXFileReference section */

/* Begin PBXFrameworksBuildPhase section */
		906A0E531D19E5680044055F /* Frameworks */ = {
			isa = PBXFrameworksBuildPhase;
			buildActionMask = 2147483647;
			files = (
				906A0E721D19FEE90044055F /* CloudKit.framework in Frameworks */,
			);
			runOnlyForDeploymentPostprocessing = 0;
		};
/* End PBXFrameworksBuildPhase section */

/* Begin PBXGroup section */
		906A0E4D1D19E5680044055F = {
			isa = PBXGroup;
			children = (
				906A0E711D19FEE90044055F /* CloudKit.framework */,
				906A0E581D19E5680044055F /* instagramClone */,
				906A0E571D19E5680044055F /* Products */,
			);
			sourceTree = "<group>";
		};
		906A0E571D19E5680044055F /* Products */ = {
			isa = PBXGroup;
			children = (
				906A0E561D19E5680044055F /* instagramClone.app */,
			);
			name = Products;
			sourceTree = "<group>";
		};
		906A0E581D19E5680044055F /* instagramClone */ = {
			isa = PBXGroup;
			children = (
				906A0E6B1D19EAEB0044055F /* App Global */,
				906A0E781D1A003C0044055F /* Extensions */,
				906A0E751D19FF770044055F /* Models */,
				906A0E6C1D19EB060044055F /* Controllers */,
				906A0E6D1D19EB120044055F /* Views */,
				906A0E7D1D1A08BA0044055F /* Utilities */,
			);
			path = instagramClone;
			sourceTree = "<group>";
		};
		906A0E6B1D19EAEB0044055F /* App Global */ = {
			isa = PBXGroup;
			children = (
				906A0E701D19FEE60044055F /* instagramClone.entitlements */,
				906A0E651D19E5680044055F /* Info.plist */,
				906A0E591D19E5680044055F /* AppDelegate.swift */,
				906A0E601D19E5680044055F /* Assets.xcassets */,
			);
			name = "App Global";
			sourceTree = "<group>";
		};
		906A0E6C1D19EB060044055F /* Controllers */ = {
			isa = PBXGroup;
			children = (
				90B08A6A1D1B30EC006A2B1E /* GalleryViewController.swift */,
				906A0E5B1D19E5680044055F /* ImageViewController.swift */,
				906A0E6E1D19ED200044055F /* Protocols.swift */,
			);
			name = Controllers;
			sourceTree = "<group>";
		};
		906A0E6D1D19EB120044055F /* Views */ = {
			isa = PBXGroup;
			children = (
				90B08A6C1D1B32B4006A2B1E /* GalleryCustomFlowLayout.swift */,
				906A0E5D1D19E5680044055F /* Main.storyboard */,
				906A0E621D19E5680044055F /* LaunchScreen.storyboard */,
			);
			name = Views;
			sourceTree = "<group>";
		};
		906A0E751D19FF770044055F /* Models */ = {
			isa = PBXGroup;
			children = (
				906A0E731D19FF700044055F /* Post.swift */,
				906A0E7B1D1A08AD0044055F /* Filters.swift */,
			);
			name = Models;
			path = ..;
			sourceTree = "<group>";
		};
		906A0E781D1A003C0044055F /* Extensions */ = {
			isa = PBXGroup;
			children = (
				906A0E761D1A00360044055F /* AppleExtensions.swift */,
				906A0E791D1A063C0044055F /* Extensions.swift */,
			);
			name = Extensions;
			path = ..;
			sourceTree = "<group>";
		};
		906A0E7D1D1A08BA0044055F /* Utilities */ = {
			isa = PBXGroup;
			children = (
				906A0E7E1D1A0DF20044055F /* API.swift */,
			);
			name = Utilities;
			path = ..;
			sourceTree = "<group>";
		};
/* End PBXGroup section */

/* Begin PBXNativeTarget section */
		906A0E551D19E5680044055F /* instagramClone */ = {
			isa = PBXNativeTarget;
			buildConfigurationList = 906A0E681D19E5680044055F /* Build configuration list for PBXNativeTarget "instagramClone" */;
			buildPhases = (
				906A0E521D19E5680044055F /* Sources */,
				906A0E531D19E5680044055F /* Frameworks */,
				906A0E541D19E5680044055F /* Resources */,
			);
			buildRules = (
			);
			dependencies = (
			);
			name = instagramClone;
			productName = instagramClone;
			productReference = 906A0E561D19E5680044055F /* instagramClone.app */;
			productType = "com.apple.product-type.application";
		};
/* End PBXNativeTarget section */

/* Begin PBXProject section */
		906A0E4E1D19E5680044055F /* Project object */ = {
			isa = PBXProject;
			attributes = {
				LastSwiftUpdateCheck = 0730;
				LastUpgradeCheck = 0730;
				ORGANIZATIONNAME = "Lindsey Boggio";
				TargetAttributes = {
					906A0E551D19E5680044055F = {
						CreatedOnToolsVersion = 7.3.1;
						DevelopmentTeam = 225T8G32Q4;
						SystemCapabilities = {
							com.apple.iCloud = {
								enabled = 1;
							};
						};
					};
				};
			};
			buildConfigurationList = 906A0E511D19E5680044055F /* Build configuration list for PBXProject "instagramClone" */;
			compatibilityVersion = "Xcode 3.2";
			developmentRegion = English;
			hasScannedForEncodings = 0;
			knownRegions = (
				en,
				Base,
			);
			mainGroup = 906A0E4D1D19E5680044055F;
			productRefGroup = 906A0E571D19E5680044055F /* Products */;
			projectDirPath = "";
			projectRoot = "";
			targets = (
				906A0E551D19E5680044055F /* instagramClone */,
			);
		};
/* End PBXProject section */

/* Begin PBXResourcesBuildPhase section */
		906A0E541D19E5680044055F /* Resources */ = {
			isa = PBXResourcesBuildPhase;
			buildActionMask = 2147483647;
			files = (
				906A0E641D19E5680044055F /* LaunchScreen.storyboard in Resources */,
				906A0E611D19E5680044055F /* Assets.xcassets in Resources */,
				906A0E5F1D19E5680044055F /* Main.storyboard in Resources */,
			);
			runOnlyForDeploymentPostprocessing = 0;
		};
/* End PBXResourcesBuildPhase section */

/* Begin PBXSourcesBuildPhase section */
		906A0E521D19E5680044055F /* Sources */ = {
			isa = PBXSourcesBuildPhase;
			buildActionMask = 2147483647;
			files = (
				906A0E7C1D1A08AD0044055F /* Filters.swift in Sources */,
				906A0E6F1D19ED200044055F /* Protocols.swift in Sources */,
				906A0E7A1D1A063C0044055F /* Extensions.swift in Sources */,
				90B08A6D1D1B32B4006A2B1E /* GalleryCustomFlowLayout.swift in Sources */,
				906A0E5C1D19E5680044055F /* ImageViewController.swift in Sources */,
				906A0E5A1D19E5680044055F /* AppDelegate.swift in Sources */,
				906A0E741D19FF700044055F /* Post.swift in Sources */,
				90B08A6B1D1B30EC006A2B1E /* GalleryViewController.swift in Sources */,
				906A0E7F1D1A0DF20044055F /* API.swift in Sources */,
				906A0E771D1A00360044055F /* AppleExtensions.swift in Sources */,
			);
			runOnlyForDeploymentPostprocessing = 0;
		};
/* End PBXSourcesBuildPhase section */

/* Begin PBXVariantGroup section */
		906A0E5D1D19E5680044055F /* Main.storyboard */ = {
			isa = PBXVariantGroup;
			children = (
				906A0E5E1D19E5680044055F /* Base */,
			);
			name = Main.storyboard;
			sourceTree = "<group>";
		};
		906A0E621D19E5680044055F /* LaunchScreen.storyboard */ = {
			isa = PBXVariantGroup;
			children = (
				906A0E631D19E5680044055F /* Base */,
			);
			name = LaunchScreen.storyboard;
			sourceTree = "<group>";
		};
/* End PBXVariantGroup section */

/* Begin XCBuildConfiguration section */
		906A0E661D19E5680044055F /* Debug */ = {
			isa = XCBuildConfiguration;
			buildSettings = {
				ALWAYS_SEARCH_USER_PATHS = NO;
				CLANG_ANALYZER_NONNULL = YES;
				CLANG_CXX_LANGUAGE_STANDARD = "gnu++0x";
				CLANG_CXX_LIBRARY = "libc++";
				CLANG_ENABLE_MODULES = YES;
				CLANG_ENABLE_OBJC_ARC = YES;
				CLANG_WARN_BOOL_CONVERSION = YES;
				CLANG_WARN_CONSTANT_CONVERSION = YES;
				CLANG_WARN_DIRECT_OBJC_ISA_USAGE = YES_ERROR;
				CLANG_WARN_EMPTY_BODY = YES;
				CLANG_WARN_ENUM_CONVERSION = YES;
				CLANG_WARN_INT_CONVERSION = YES;
				CLANG_WARN_OBJC_ROOT_CLASS = YES_ERROR;
				CLANG_WARN_UNREACHABLE_CODE = YES;
				CLANG_WARN__DUPLICATE_METHOD_MATCH = YES;
				"CODE_SIGN_IDENTITY[sdk=iphoneos*]" = "iPhone Developer";
				COPY_PHASE_STRIP = NO;
				DEBUG_INFORMATION_FORMAT = dwarf;
				ENABLE_STRICT_OBJC_MSGSEND = YES;
				ENABLE_TESTABILITY = YES;
				GCC_C_LANGUAGE_STANDARD = gnu99;
				GCC_DYNAMIC_NO_PIC = NO;
				GCC_NO_COMMON_BLOCKS = YES;
				GCC_OPTIMIZATION_LEVEL = 0;
				GCC_PREPROCESSOR_DEFINITIONS = (
					"DEBUG=1",
					"$(inherited)",
				);
				GCC_WARN_64_TO_32_BIT_CONVERSION = YES;
				GCC_WARN_ABOUT_RETURN_TYPE = YES_ERROR;
				GCC_WARN_UNDECLARED_SELECTOR = YES;
				GCC_WARN_UNINITIALIZED_AUTOS = YES_AGGRESSIVE;
				GCC_WARN_UNUSED_FUNCTION = YES;
				GCC_WARN_UNUSED_VARIABLE = YES;
				IPHONEOS_DEPLOYMENT_TARGET = 9.3;
				MTL_ENABLE_DEBUG_INFO = YES;
				ONLY_ACTIVE_ARCH = YES;
				SDKROOT = iphoneos;
				SWIFT_OPTIMIZATION_LEVEL = "-Onone";
				TARGETED_DEVICE_FAMILY = "1,2";
			};
			name = Debug;
		};
		906A0E671D19E5680044055F /* Release */ = {
			isa = XCBuildConfiguration;
			buildSettings = {
				ALWAYS_SEARCH_USER_PATHS = NO;
				CLANG_ANALYZER_NONNULL = YES;
				CLANG_CXX_LANGUAGE_STANDARD = "gnu++0x";
				CLANG_CXX_LIBRARY = "libc++";
				CLANG_ENABLE_MODULES = YES;
				CLANG_ENABLE_OBJC_ARC = YES;
				CLANG_WARN_BOOL_CONVERSION = YES;
				CLANG_WARN_CONSTANT_CONVERSION = YES;
				CLANG_WARN_DIRECT_OBJC_ISA_USAGE = YES_ERROR;
				CLANG_WARN_EMPTY_BODY = YES;
				CLANG_WARN_ENUM_CONVERSION = YES;
				CLANG_WARN_INT_CONVERSION = YES;
				CLANG_WARN_OBJC_ROOT_CLASS = YES_ERROR;
				CLANG_WARN_UNREACHABLE_CODE = YES;
				CLANG_WARN__DUPLICATE_METHOD_MATCH = YES;
				"CODE_SIGN_IDENTITY[sdk=iphoneos*]" = "iPhone Developer";
				COPY_PHASE_STRIP = NO;
				DEBUG_INFORMATION_FORMAT = "dwarf-with-dsym";
				ENABLE_NS_ASSERTIONS = NO;
				ENABLE_STRICT_OBJC_MSGSEND = YES;
				GCC_C_LANGUAGE_STANDARD = gnu99;
				GCC_NO_COMMON_BLOCKS = YES;
				GCC_WARN_64_TO_32_BIT_CONVERSION = YES;
				GCC_WARN_ABOUT_RETURN_TYPE = YES_ERROR;
				GCC_WARN_UNDECLARED_SELECTOR = YES;
				GCC_WARN_UNINITIALIZED_AUTOS = YES_AGGRESSIVE;
				GCC_WARN_UNUSED_FUNCTION = YES;
				GCC_WARN_UNUSED_VARIABLE = YES;
				IPHONEOS_DEPLOYMENT_TARGET = 9.3;
				MTL_ENABLE_DEBUG_INFO = NO;
				SDKROOT = iphoneos;
				TARGETED_DEVICE_FAMILY = "1,2";
				VALIDATE_PRODUCT = YES;
			};
			name = Release;
		};
		906A0E691D19E5680044055F /* Debug */ = {
			isa = XCBuildConfiguration;
			buildSettings = {
				ASSETCATALOG_COMPILER_APPICON_NAME = AppIcon;
				CODE_SIGN_ENTITLEMENTS = instagramClone/instagramClone.entitlements;
				INFOPLIST_FILE = instagramClone/Info.plist;
				LD_RUNPATH_SEARCH_PATHS = "$(inherited) @executable_path/Frameworks";
				PRODUCT_BUNDLE_IDENTIFIER = "Lindsey-Boggio.instagramClone";
				PRODUCT_NAME = "$(TARGET_NAME)";
			};
			name = Debug;
		};
		906A0E6A1D19E5680044055F /* Release */ = {
			isa = XCBuildConfiguration;
			buildSettings = {
				ASSETCATALOG_COMPILER_APPICON_NAME = AppIcon;
				CODE_SIGN_ENTITLEMENTS = instagramClone/instagramClone.entitlements;
				INFOPLIST_FILE = instagramClone/Info.plist;
				LD_RUNPATH_SEARCH_PATHS = "$(inherited) @executable_path/Frameworks";
				PRODUCT_BUNDLE_IDENTIFIER = "Lindsey-Boggio.instagramClone";
				PRODUCT_NAME = "$(TARGET_NAME)";
			};
			name = Release;
		};
/* End XCBuildConfiguration section */

/* Begin XCConfigurationList section */
		906A0E511D19E5680044055F /* Build configuration list for PBXProject "instagramClone" */ = {
			isa = XCConfigurationList;
			buildConfigurations = (
				906A0E661D19E5680044055F /* Debug */,
				906A0E671D19E5680044055F /* Release */,
			);
			defaultConfigurationIsVisible = 0;
			defaultConfigurationName = Release;
		};
		906A0E681D19E5680044055F /* Build configuration list for PBXNativeTarget "instagramClone" */ = {
			isa = XCConfigurationList;
			buildConfigurations = (
				906A0E691D19E5680044055F /* Debug */,
				906A0E6A1D19E5680044055F /* Release */,
			);
			defaultConfigurationIsVisible = 0;
			defaultConfigurationName = Release;
		};
/* End XCConfigurationList section */
	};
	rootObject = 906A0E4E1D19E5680044055F /* Project object */;
}
